{
  "object": {
    "pins": [
      {
        "package": "Alamofire",
        "repositoryURL": "https://github.com/Alamofire/Alamofire.git",
        "state": {
          "branch": null,
          "revision": "b8995447518fd57af14c88a47f27434a16f60403",
          "version": "4.5.1"
        }
      },
      {
        "package": "COpenSSL",
        "repositoryURL": "https://github.com/PerfectlySoft/Perfect-COpenSSL.git",
        "state": {
          "branch": null,
          "revision": "87b6d1f313887fa11bd75e157a3678f066eec981",
          "version": "2.0.6"
        }
      },
      {
        "package": "PerfectCrypto",
        "repositoryURL": "https://github.com/PerfectlySoft/Perfect-Crypto.git",
        "state": {
          "branch": null,
          "revision": "596cd8961ad1981d65eb07ea07cdda6345f6104a",
          "version": "1.1.1"
        }
      },
      {
        "package": "PerfectHTTP",
        "repositoryURL": "https://github.com/PerfectlySoft/Perfect-HTTP.git",
        "state": {
          "branch": null,
          "revision": "eb93186d03409b81cfbc5dd65275f55a5df70cac",
          "version": "2.2.4"
        }
      },
      {
        "package": "PerfectHTTPServer",
        "repositoryURL": "https://github.com/PerfectlySoft/Perfect-HTTPServer.git",
        "state": {
          "branch": null,
          "revision": "783de8b2ea06058fb4fd7df66e9a7d4a398b3648",
          "version": "2.3.4"
        }
      },
      {
        "package": "PerfectLib",
        "repositoryURL": "https://github.com/PerfectlySoft/PerfectLib.git",
        "state": {
          "branch": null,
          "revision": "e85a9ead840f80dfd85ca90627cf88cfb6e0cb59",
          "version": "2.0.11"
        }
      },
      {
        "package": "PerfectLogger",
        "repositoryURL": "https://github.com/PerfectlySoft/Perfect-Logger.git",
        "state": {
          "branch": null,
          "revision": "fafabd73d360c3091af147356f7904091c542273",
          "version": "0.0.7"
        }
      },
      {
        "package": "PerfectNet",
        "repositoryURL": "https://github.com/PerfectlySoft/Perfect-Net.git",
        "state": {
          "branch": null,
          "revision": "6134fa1630849344244304953ccf20b40c4fc145",
          "version": "2.1.18"
        }
      },
      {
        "package": "PerfectRequestLogger",
        "repositoryURL": "https://github.com/PerfectlySoft/Perfect-RequestLogger.git",
        "state": {
          "branch": null,
          "revision": "74078752058f3188c0b32bd9e6550e87a51dcb88",
          "version": "0.5.1"
        }
      },
      {
        "package": "PerfectThread",
        "repositoryURL": "https://github.com/PerfectlySoft/Perfect-Thread.git",
        "state": {
          "branch": null,
          "revision": "7d09e1830dd8e46b99c34a754a0bf4c2d567794e",
          "version": "2.0.12"
        }
      },
      {
        "package": "SwiftMoment",
        "repositoryURL": "https://github.com/iamjono/SwiftMoment.git",
        "state": {
          "branch": null,
          "revision": "226268d83f3c98213dd0f93d5cfb2353b28f68e7",
          "version": "0.9.1"
        }
      },
      {
        "package": "SwiftRandom",
        "repositoryURL": "https://github.com/iamjono/SwiftRandom.git",
        "state": {
          "branch": null,
          "revision": "fe3205f67aa6e8574acc08e9d7cd1fdcaecf49f1",
          "version": "0.2.5"
        }
      }
    ]
  },
  "version": 1
}
